
Microsoft Visual Studio Solution File, Format Version 12.00
# Visual Studio Version 17
VisualStudioVersion = 17.0.31903.59
MinimumVisualStudioVersion = 10.0.40219.1
Project("{2150E333-8FDC-42A3-9474-1A3956D46DE8}") = "src", "src", "{6DB70BCC-924E-494E-8495-25EE43D6772A}"
EndProject
Project("{F2A71F9B-5D33-465A-A702-920D77279786}") = "TinyTypeGen", "src\TinyTypeGen\TinyTypeGen.fsproj", "{E7278856-4D94-4932-9707-3902B267DF90}"
EndProject
Project("{F2A71F9B-5D33-465A-A702-920D77279786}") = "TinyTypeGen.Giraffe", "src\TinyTypeGen.Giraffe\TinyTypeGen.Giraffe.fsproj", "{A583FF38-A8C3-42F5-9F95-D0D1DFCC76DD}"
EndProject
Project("{F2A71F9B-5D33-465A-A702-920D77279786}") = "TinyTypeGen.NodaTime", "src\TinyTypeGen.NodaTime\TinyTypeGen.NodaTime.fsproj", "{0CF44D96-C042-497A-9D6A-C1ECB8C08F85}"
EndProject
Global
	GlobalSection(SolutionConfigurationPlatforms) = preSolution
		Debug|Any CPU = Debug|Any CPU
		Release|Any CPU = Release|Any CPU
	EndGlobalSection
	GlobalSection(SolutionProperties) = preSolution
		HideSolutionNode = FALSE
	EndGlobalSection
	GlobalSection(ProjectConfigurationPlatforms) = postSolution
		{E7278856-4D94-4932-9707-3902B267DF90}.Debug|Any CPU.ActiveCfg = Debug|Any CPU
		{E7278856-4D94-4932-9707-3902B267DF90}.Debug|Any CPU.Build.0 = Debug|Any CPU
		{E7278856-4D94-4932-9707-3902B267DF90}.Release|Any CPU.ActiveCfg = Release|Any CPU
		{E7278856-4D94-4932-9707-3902B267DF90}.Release|Any CPU.Build.0 = Release|Any CPU
		{A583FF38-A8C3-42F5-9F95-D0D1DFCC76DD}.Debug|Any CPU.ActiveCfg = Debug|Any CPU
		{A583FF38-A8C3-42F5-9F95-D0D1DFCC76DD}.Debug|Any CPU.Build.0 = Debug|Any CPU
		{A583FF38-A8C3-42F5-9F95-D0D1DFCC76DD}.Release|Any CPU.ActiveCfg = Release|Any CPU
		{A583FF38-A8C3-42F5-9F95-D0D1DFCC76DD}.Release|Any CPU.Build.0 = Release|Any CPU
		{0CF44D96-C042-497A-9D6A-C1ECB8C08F85}.Debug|Any CPU.ActiveCfg = Debug|Any CPU
		{0CF44D96-C042-497A-9D6A-C1ECB8C08F85}.Debug|Any CPU.Build.0 = Debug|Any CPU
		{0CF44D96-C042-497A-9D6A-C1ECB8C08F85}.Release|Any CPU.ActiveCfg = Release|Any CPU
		{0CF44D96-C042-497A-9D6A-C1ECB8C08F85}.Release|Any CPU.Build.0 = Release|Any CPU
	EndGlobalSection
	GlobalSection(NestedProjects) = preSolution
		{E7278856-4D94-4932-9707-3902B267DF90} = {6DB70BCC-924E-494E-8495-25EE43D6772A}
		{A583FF38-A8C3-42F5-9F95-D0D1DFCC76DD} = {6DB70BCC-924E-494E-8495-25EE43D6772A}
		{0CF44D96-C042-497A-9D6A-C1ECB8C08F85} = {6DB70BCC-924E-494E-8495-25EE43D6772A}
	EndGlobalSection
EndGlobal
