lockfileVersion: '9.0'

settings:
  autoInstallPeers: true
  excludeLinksFromLockfile: false

importers:
  .:
    devDependencies:
      '@tanstack/react-query':
        specifier: ^5.90.20
        version: 5.90.20(react@19.2.3)
      prettier:
        specifier: ^3.7.4
        version: 3.7.4
      typescript:
        specifier: ^5.9.3
        version: 5.9.3

packages:
  '@tanstack/query-core@5.90.20':
    resolution:
      {
        integrity: sha512-OMD2HLpNouXEfZJWcKeVKUgQ5n+n3A2JFmBaScpNDUqSrQSjiveC7dKMe53uJUg1nDG16ttFPz2xfilz6i2uVg==,
      }

  '@tanstack/react-query@5.90.20':
    resolution:
      {
        integrity: sha512-vXBxa+qeyveVO7OA0jX1z+DeyCA4JKnThKv411jd5SORpBKgkcVnYKCiBgECvADvniBX7tobwBmg01qq9JmMJw==,
      }
    peerDependencies:
      react: ^18 || ^19

  prettier@3.7.4:
    resolution:
      {
        integrity: sha512-v6UNi1+3hSlVvv8fSaoUbggEM5VErKmmpGA7Pl3HF8V6uKY7rvClBOJlH6yNwQtfTueNkGVpOv/mtWL9L4bgRA==,
      }
    engines: { node: '>=14' }
    hasBin: true

  react@19.2.3:
    resolution:
      {
        integrity: sha512-Ku/hhYbVjOQnXDZFv2+RibmLFGwFdeeKHFcOTlrt7xplBnya5OGn/hIRDsqDiSUcfORsDC7MPxwork8jBwsIWA==,
      }
    engines: { node: '>=0.10.0' }

  typescript@5.9.3:
    resolution:
      {
        integrity: sha512-jl1vZzPDinLr9eUt3J/t7V6FgNEw9QjvBPdysz9KfQDD41fQrC2Y4vKQdiaUpFT4bXlb1RHhLpp8wtm6M5TgSw==,
      }
    engines: { node: '>=14.17' }
    hasBin: true

snapshots:
  '@tanstack/query-core@5.90.20': {}

  '@tanstack/react-query@5.90.20(react@19.2.3)':
    dependencies:
      '@tanstack/query-core': 5.90.20
      react: 19.2.3

  prettier@3.7.4: {}

  react@19.2.3: {}

  typescript@5.9.3: {}
